{
  "name": "recurrer",
  "version": "0.3.0",
  "lockfileVersion": 3,
  "requires": true,
  "packages": {
    "": {
      "name": "recurrer",
      "version": "0.3.0",
      "dependencies": {
        "fantestic": "0.0.1"
      },
      "devDependencies": {
        "recur": "0.1.2"
      },
      "engines": {
        "node": ">=12.17"
      },
      "funding": {
        "type": "individual",
        "url": "https://github.com/sponsors/porsager"
      }
    },
    "node_modules/fantestic": {
      "version": "0.0.1",
      "resolved": "https://registry.npmjs.org/fantestic/-/fantestic-0.0.1.tgz",
      "integrity": "sha512-qSrBmhA5wzFnM6bwKTFGOWtvYAsR3q+4YwIpx8W6I7bDyzWi9loeVJC+j8N/xsI2lg5XEnvh+spftBiWbt58tQ=="
    },
    "node_modules/recur": {
      "version": "0.1.2",
      "resolved": "https://registry.npmjs.org/recur/-/recur-0.1.2.tgz",
      "integrity": "sha512-GfzufbOXRQ9kvfRDEeGJQwl4oU2cySQThgdNDOprbZUrARIu8Pg8u9d9jZH9dH235vVGbAQs2y+79sIeYt5Sfg==",
      "dev": true,
      "engines": {
        "node": ">= 5.0"
      }
    }
  }
}
